
Microsoft Visual Studio Solution File, Format Version 12.00
# Visual Studio Version 17
VisualStudioVersion = 17.4.33213.308
MinimumVisualStudioVersion = 10.0.40219.1
Project("{FAE04EC0-301F-11D3-BF4B-00C04F79EFBC}") = "BlazorApp1.Server", "BlazorApp1\Server\BlazorApp1.Server.csproj", "{27CA1124-801F-4604-967F-93AAD7558DF9}"
EndProject
Project("{FAE04EC0-301F-11D3-BF4B-00C04F79EFBC}") = "BlazorApp1.Client", "BlazorApp1\Client\BlazorApp1.Client.csproj", "{6A91FE0A-AFFA-4A15-AB2D-73F5D66D3E75}"
EndProject
Project("{FAE04EC0-301F-11D3-BF4B-00C04F79EFBC}") = "BlazorApp1.Shared", "BlazorApp1\Shared\BlazorApp1.Shared.csproj", "{2C891D69-C57B-4820-86C8-06E753F1E6E9}"
EndProject
Global
	GlobalSection(SolutionConfigurationPlatforms) = preSolution
		Debug|Any CPU = Debug|Any CPU
		Release|Any CPU = Release|Any CPU
	EndGlobalSection
	GlobalSection(ProjectConfigurationPlatforms) = postSolution
		{27CA1124-801F-4604-967F-93AAD7558DF9}.Debug|Any CPU.ActiveCfg = Debug|Any CPU
		{27CA1124-801F-4604-967F-93AAD7558DF9}.Debug|Any CPU.Build.0 = Debug|Any CPU
		{27CA1124-801F-4604-967F-93AAD7558DF9}.Release|Any CPU.ActiveCfg = Release|Any CPU
		{27CA1124-801F-4604-967F-93AAD7558DF9}.Release|Any CPU.Build.0 = Release|Any CPU
		{6A91FE0A-AFFA-4A15-AB2D-73F5D66D3E75}.Debug|Any CPU.ActiveCfg = Debug|Any CPU
		{6A91FE0A-AFFA-4A15-AB2D-73F5D66D3E75}.Debug|Any CPU.Build.0 = Debug|Any CPU
		{6A91FE0A-AFFA-4A15-AB2D-73F5D66D3E75}.Release|Any CPU.ActiveCfg = Release|Any CPU
		{6A91FE0A-AFFA-4A15-AB2D-73F5D66D3E75}.Release|Any CPU.Build.0 = Release|Any CPU
		{2C891D69-C57B-4820-86C8-06E753F1E6E9}.Debug|Any CPU.ActiveCfg = Debug|Any CPU
		{2C891D69-C57B-4820-86C8-06E753F1E6E9}.Debug|Any CPU.Build.0 = Debug|Any CPU
		{2C891D69-C57B-4820-86C8-06E753F1E6E9}.Release|Any CPU.ActiveCfg = Release|Any CPU
		{2C891D69-C57B-4820-86C8-06E753F1E6E9}.Release|Any CPU.Build.0 = Release|Any CPU
	EndGlobalSection
	GlobalSection(SolutionProperties) = preSolution
		HideSolutionNode = FALSE
	EndGlobalSection
	GlobalSection(ExtensibilityGlobals) = postSolution
		SolutionGuid = {3CC62E4C-E20F-475A-9E91-EF76D11A0FCE}
	EndGlobalSection
EndGlobal
